
Microsoft Visual Studio Solution File, Format Version 10.00
# Visual Studio 2008
Project("{8BC9CEB8-8B4A-11D0-8D11-00A0C91BC942}") = "dmg2isoManager", "dmg2isoManager\dmg2isoManager.vcproj", "{5866DDBD-20A6-44E0-9B70-9728800F674C}"
	ProjectSection(ProjectDependencies) = postProject
		{8F50C137-4904-42D9-B377-27765708ABAE} = {8F50C137-4904-42D9-B377-27765708ABAE}
	EndProjectSection
EndProject
Project("{8BC9CEB8-8B4A-11D0-8D11-00A0C91BC942}") = "zlib", "dmg2isoManager\zlib-1.2.4\projects\visualc6\zlib.vcproj", "{8F50C137-4904-42D9-B377-27765708ABAE}"
EndProject
Global
	GlobalSection(SolutionConfigurationPlatforms) = preSolution
		Debug|Win32 = Debug|Win32
		DLL ASM Debug|Win32 = DLL ASM Debug|Win32
		DLL ASM Release|Win32 = DLL ASM Release|Win32
		DLL Debug|Win32 = DLL Debug|Win32
		DLL Release|Win32 = DLL Release|Win32
		LIB ASM Debug|Win32 = LIB ASM Debug|Win32
		LIB ASM Release|Win32 = LIB ASM Release|Win32
		LIB Debug|Win32 = LIB Debug|Win32
		LIB Release|Win32 = LIB Release|Win32
		Release|Win32 = Release|Win32
	EndGlobalSection
	GlobalSection(ProjectConfigurationPlatforms) = postSolution
		{5866DDBD-20A6-44E0-9B70-9728800F674C}.Debug|Win32.ActiveCfg = Debug|Win32
		{5866DDBD-20A6-44E0-9B70-9728800F674C}.Debug|Win32.Build.0 = Debug|Win32
		{5866DDBD-20A6-44E0-9B70-9728800F674C}.DLL ASM Debug|Win32.ActiveCfg = Debug|Win32
		{5866DDBD-20A6-44E0-9B70-9728800F674C}.DLL ASM Debug|Win32.Build.0 = Debug|Win32
		{5866DDBD-20A6-44E0-9B70-9728800F674C}.DLL ASM Release|Win32.ActiveCfg = Release|Win32
		{5866DDBD-20A6-44E0-9B70-9728800F674C}.DLL ASM Release|Win32.Build.0 = Release|Win32
		{5866DDBD-20A6-44E0-9B70-9728800F674C}.DLL Debug|Win32.ActiveCfg = Debug|Win32
		{5866DDBD-20A6-44E0-9B70-9728800F674C}.DLL Debug|Win32.Build.0 = Debug|Win32
		{5866DDBD-20A6-44E0-9B70-9728800F674C}.DLL Release|Win32.ActiveCfg = Release|Win32
		{5866DDBD-20A6-44E0-9B70-9728800F674C}.DLL Release|Win32.Build.0 = Release|Win32
		{5866DDBD-20A6-44E0-9B70-9728800F674C}.LIB ASM Debug|Win32.ActiveCfg = Debug|Win32
		{5866DDBD-20A6-44E0-9B70-9728800F674C}.LIB ASM Debug|Win32.Build.0 = Debug|Win32
		{5866DDBD-20A6-44E0-9B70-9728800F674C}.LIB ASM Release|Win32.ActiveCfg = Release|Win32
		{5866DDBD-20A6-44E0-9B70-9728800F674C}.LIB ASM Release|Win32.Build.0 = Release|Win32
		{5866DDBD-20A6-44E0-9B70-9728800F674C}.LIB Debug|Win32.ActiveCfg = Debug|Win32
		{5866DDBD-20A6-44E0-9B70-9728800F674C}.LIB Debug|Win32.Build.0 = Debug|Win32
		{5866DDBD-20A6-44E0-9B70-9728800F674C}.LIB Release|Win32.ActiveCfg = Release|Win32
		{5866DDBD-20A6-44E0-9B70-9728800F674C}.LIB Release|Win32.Build.0 = Release|Win32
		{5866DDBD-20A6-44E0-9B70-9728800F674C}.Release|Win32.ActiveCfg = Release|Win32
		{5866DDBD-20A6-44E0-9B70-9728800F674C}.Release|Win32.Build.0 = Release|Win32
		{8F50C137-4904-42D9-B377-27765708ABAE}.Debug|Win32.ActiveCfg = DLL Debug|Win32
		{8F50C137-4904-42D9-B377-27765708ABAE}.Debug|Win32.Build.0 = DLL Debug|Win32
		{8F50C137-4904-42D9-B377-27765708ABAE}.DLL ASM Debug|Win32.ActiveCfg = DLL ASM Debug|Win32
		{8F50C137-4904-42D9-B377-27765708ABAE}.DLL ASM Debug|Win32.Build.0 = DLL ASM Debug|Win32
		{8F50C137-4904-42D9-B377-27765708ABAE}.DLL ASM Release|Win32.ActiveCfg = DLL ASM Release|Win32
		{8F50C137-4904-42D9-B377-27765708ABAE}.DLL ASM Release|Win32.Build.0 = DLL ASM Release|Win32
		{8F50C137-4904-42D9-B377-27765708ABAE}.DLL Debug|Win32.ActiveCfg = DLL Debug|Win32
		{8F50C137-4904-42D9-B377-27765708ABAE}.DLL Debug|Win32.Build.0 = DLL Debug|Win32
		{8F50C137-4904-42D9-B377-27765708ABAE}.DLL Release|Win32.ActiveCfg = DLL Release|Win32
		{8F50C137-4904-42D9-B377-27765708ABAE}.DLL Release|Win32.Build.0 = DLL Release|Win32
		{8F50C137-4904-42D9-B377-27765708ABAE}.LIB ASM Debug|Win32.ActiveCfg = LIB ASM Debug|Win32
		{8F50C137-4904-42D9-B377-27765708ABAE}.LIB ASM Debug|Win32.Build.0 = LIB ASM Debug|Win32
		{8F50C137-4904-42D9-B377-27765708ABAE}.LIB ASM Release|Win32.ActiveCfg = LIB ASM Release|Win32
		{8F50C137-4904-42D9-B377-27765708ABAE}.LIB ASM Release|Win32.Build.0 = LIB ASM Release|Win32
		{8F50C137-4904-42D9-B377-27765708ABAE}.LIB Debug|Win32.ActiveCfg = LIB Debug|Win32
		{8F50C137-4904-42D9-B377-27765708ABAE}.LIB Debug|Win32.Build.0 = LIB Debug|Win32
		{8F50C137-4904-42D9-B377-27765708ABAE}.LIB Release|Win32.ActiveCfg = LIB Release|Win32
		{8F50C137-4904-42D9-B377-27765708ABAE}.LIB Release|Win32.Build.0 = LIB Release|Win32
		{8F50C137-4904-42D9-B377-27765708ABAE}.Release|Win32.ActiveCfg = LIB ASM Release|Win32
		{8F50C137-4904-42D9-B377-27765708ABAE}.Release|Win32.Build.0 = LIB ASM Release|Win32
	EndGlobalSection
	GlobalSection(SolutionProperties) = preSolution
		HideSolutionNode = FALSE
	EndGlobalSection
EndGlobal
